
Microsoft Visual Studio Solution File, Format Version 12.00
# Visual Studio Version 16
VisualStudioVersion = 16.0.30011.22
MinimumVisualStudioVersion = 10.0.40219.1
Project("{FAE04EC0-301F-11D3-BF4B-00C04F79EFBC}") = "CourseLibrary.API", "CourseLibrary.API\CourseLibrary.API.csproj", "{B95D33D0-4985-47FB-B4F3-13D45454C718}"
EndProject
Global
	GlobalSection(SolutionConfigurationPlatforms) = preSolution
		Debug|Any CPU = Debug|Any CPU
		Release|Any CPU = Release|Any CPU
	EndGlobalSection
	GlobalSection(ProjectConfigurationPlatforms) = postSolution
		{B95D33D0-4985-47FB-B4F3-13D45454C718}.Debug|Any CPU.ActiveCfg = Debug|Any CPU
		{B95D33D0-4985-47FB-B4F3-13D45454C718}.Debug|Any CPU.Build.0 = Debug|Any CPU
		{B95D33D0-4985-47FB-B4F3-13D45454C718}.Release|Any CPU.ActiveCfg = Release|Any CPU
		{B95D33D0-4985-47FB-B4F3-13D45454C718}.Release|Any CPU.Build.0 = Release|Any CPU
	EndGlobalSection
	GlobalSection(SolutionProperties) = preSolution
		HideSolutionNode = FALSE
	EndGlobalSection
	GlobalSection(ExtensibilityGlobals) = postSolution
		SolutionGuid = {D29C9928-EAC7-4E85-8C40-908F1D046C06}
	EndGlobalSection
EndGlobal
